
Microsoft Visual Studio Solution File, Format Version 12.00
# Visual Studio 15
VisualStudioVersion = 15.0.27004.2006
MinimumVisualStudioVersion = 10.0.40219.1
Project("{2150E333-8FDC-42A3-9474-1A3956D46DE8}") = "src", "src", "{639A4228-C913-4634-B58B-60A484692395}"
EndProject
Project("{2150E333-8FDC-42A3-9474-1A3956D46DE8}") = "Solution Items", "Solution Items", "{29AC8347-9FAA-4C2D-AB76-3FC9C54C7E71}"
	ProjectSection(SolutionItems) = preProject
		.gitignore = .gitignore
		LICENSE = LICENSE
		README.md = README.md
	EndProjectSection
EndProject
Project("{9A19103F-16F7-4668-BE54-9A1E7A4F7556}") = "Ministry.DateTimeAccessor", "src\Ministry.DateTimeAccessor\Ministry.DateTimeAccessor.csproj", "{3C7C7AB9-40AD-4DF3-AA57-0E44D8F0D4D7}"
EndProject
Global
	GlobalSection(SolutionConfigurationPlatforms) = preSolution
		Debug|Any CPU = Debug|Any CPU
		Release|Any CPU = Release|Any CPU
	EndGlobalSection
	GlobalSection(ProjectConfigurationPlatforms) = postSolution
		{3C7C7AB9-40AD-4DF3-AA57-0E44D8F0D4D7}.Debug|Any CPU.ActiveCfg = Debug|Any CPU
		{3C7C7AB9-40AD-4DF3-AA57-0E44D8F0D4D7}.Debug|Any CPU.Build.0 = Debug|Any CPU
		{3C7C7AB9-40AD-4DF3-AA57-0E44D8F0D4D7}.Release|Any CPU.ActiveCfg = Release|Any CPU
		{3C7C7AB9-40AD-4DF3-AA57-0E44D8F0D4D7}.Release|Any CPU.Build.0 = Release|Any CPU
	EndGlobalSection
	GlobalSection(SolutionProperties) = preSolution
		HideSolutionNode = FALSE
	EndGlobalSection
	GlobalSection(NestedProjects) = preSolution
		{3C7C7AB9-40AD-4DF3-AA57-0E44D8F0D4D7} = {639A4228-C913-4634-B58B-60A484692395}
	EndGlobalSection
	GlobalSection(ExtensibilityGlobals) = postSolution
		SolutionGuid = {0131E8F5-9D0A-4549-A16F-C378515B35A7}
	EndGlobalSection
EndGlobal
